
Microsoft Visual Studio Solution File, Format Version 12.00
# Visual Studio Version 17
VisualStudioVersion = 17.6.33723.286
MinimumVisualStudioVersion = 10.0.40219.1
Project("{FAE04EC0-301F-11D3-BF4B-00C04F79EFBC}") = "Nono Projeto Em C#", "Nono Projeto Em C#\Nono Projeto Em C#.csproj", "{99AAAA40-D0CC-46D1-B989-60E964231563}"
EndProject
Global
	GlobalSection(SolutionConfigurationPlatforms) = preSolution
		Debug|Any CPU = Debug|Any CPU
		Release|Any CPU = Release|Any CPU
	EndGlobalSection
	GlobalSection(ProjectConfigurationPlatforms) = postSolution
		{99AAAA40-D0CC-46D1-B989-60E964231563}.Debug|Any CPU.ActiveCfg = Debug|Any CPU
		{99AAAA40-D0CC-46D1-B989-60E964231563}.Debug|Any CPU.Build.0 = Debug|Any CPU
		{99AAAA40-D0CC-46D1-B989-60E964231563}.Release|Any CPU.ActiveCfg = Release|Any CPU
		{99AAAA40-D0CC-46D1-B989-60E964231563}.Release|Any CPU.Build.0 = Release|Any CPU
	EndGlobalSection
	GlobalSection(SolutionProperties) = preSolution
		HideSolutionNode = FALSE
	EndGlobalSection
	GlobalSection(ExtensibilityGlobals) = postSolution
		SolutionGuid = {3E81F830-5A7F-4CFF-BAB9-AE605608C79D}
	EndGlobalSection
EndGlobal
